
Microsoft Visual Studio Solution File, Format Version 12.00
# Visual Studio 2013
VisualStudioVersion = 12.0.30723.0
MinimumVisualStudioVersion = 10.0.40219.1
Project("{FAE04EC0-301F-11D3-BF4B-00C04F79EFBC}") = "Ceb.MerlinTool", "Ceb.MerlinTool\Ceb.MerlinTool.csproj", "{8A5AD4F1-643A-4233-939E-20DCB293C547}"
EndProject
Project("{FAE04EC0-301F-11D3-BF4B-00C04F79EFBC}") = "Ceb.MerlinTool.WebAPI", "Ceb.MerlinTool.WebAPI\Ceb.MerlinTool.WebAPI.csproj", "{8B9E71A2-E450-4D84-B706-B5E29B46C19D}"
EndProject
Project("{FAE04EC0-301F-11D3-BF4B-00C04F79EFBC}") = "Ceb.MerlinTool.DataAccess", "Ceb.MerlinTool.DataAccess\Ceb.MerlinTool.DataAccess.csproj", "{5FCF7068-91FB-447B-8BAD-8E949F3CFC37}"
EndProject
Global
	GlobalSection(TeamFoundationVersionControl) = preSolution
		SccNumberOfProjects = 4
		SccEnterpriseProvider = {4CA58AB2-18FA-4F8D-95D4-32DDF27D184C}
		SccTeamFoundationServer = http://tfs.executiveboard.com:8080/tfs/cdatcollection
		SccLocalPath0 = .
		SccProjectUniqueName1 = Ceb.MerlinTool\\Ceb.MerlinTool.csproj
		SccProjectName1 = Ceb.MerlinTool
		SccLocalPath1 = Ceb.MerlinTool
		SccProjectUniqueName2 = Ceb.MerlinTool.WebAPI\\Ceb.MerlinTool.WebAPI.csproj
		SccProjectName2 = Ceb.MerlinTool.WebAPI
		SccLocalPath2 = Ceb.MerlinTool.WebAPI
		SccProjectUniqueName3 = Ceb.MerlinTool.DataAccess\\Ceb.MerlinTool.DataAccess.csproj
		SccProjectName3 = Ceb.MerlinTool.DataAccess
		SccLocalPath3 = Ceb.MerlinTool.DataAccess
	EndGlobalSection
	GlobalSection(SolutionConfigurationPlatforms) = preSolution
		Debug|Any CPU = Debug|Any CPU
		Release|Any CPU = Release|Any CPU
	EndGlobalSection
	GlobalSection(ProjectConfigurationPlatforms) = postSolution
		{8A5AD4F1-643A-4233-939E-20DCB293C547}.Debug|Any CPU.ActiveCfg = Debug|Any CPU
		{8A5AD4F1-643A-4233-939E-20DCB293C547}.Debug|Any CPU.Build.0 = Debug|Any CPU
		{8A5AD4F1-643A-4233-939E-20DCB293C547}.Release|Any CPU.ActiveCfg = Release|Any CPU
		{8A5AD4F1-643A-4233-939E-20DCB293C547}.Release|Any CPU.Build.0 = Release|Any CPU
		{8B9E71A2-E450-4D84-B706-B5E29B46C19D}.Debug|Any CPU.ActiveCfg = Debug|Any CPU
		{8B9E71A2-E450-4D84-B706-B5E29B46C19D}.Debug|Any CPU.Build.0 = Debug|Any CPU
		{8B9E71A2-E450-4D84-B706-B5E29B46C19D}.Release|Any CPU.ActiveCfg = Release|Any CPU
		{8B9E71A2-E450-4D84-B706-B5E29B46C19D}.Release|Any CPU.Build.0 = Release|Any CPU
		{5FCF7068-91FB-447B-8BAD-8E949F3CFC37}.Debug|Any CPU.ActiveCfg = Debug|Any CPU
		{5FCF7068-91FB-447B-8BAD-8E949F3CFC37}.Debug|Any CPU.Build.0 = Debug|Any CPU
		{5FCF7068-91FB-447B-8BAD-8E949F3CFC37}.Release|Any CPU.ActiveCfg = Release|Any CPU
		{5FCF7068-91FB-447B-8BAD-8E949F3CFC37}.Release|Any CPU.Build.0 = Release|Any CPU
	EndGlobalSection
	GlobalSection(SolutionProperties) = preSolution
		HideSolutionNode = FALSE
	EndGlobalSection
EndGlobal
